
Microsoft Visual Studio Solution File, Format Version 12.00
# Visual Studio Version 17
VisualStudioVersion = 17.13.36105.23 d17.13
MinimumVisualStudioVersion = 10.0.40219.1
Project("{FAE04EC0-301F-11D3-BF4B-00C04F79EFBC}") = "CardTokenization", "CardTokenization\CardTokenization.csproj", "{C2046593-64F6-4D84-BF1C-9262C0A525F4}"
EndProject
Global
	GlobalSection(SolutionConfigurationPlatforms) = preSolution
		Debug|Any CPU = Debug|Any CPU
		Release|Any CPU = Release|Any CPU
	EndGlobalSection
	GlobalSection(ProjectConfigurationPlatforms) = postSolution
		{C2046593-64F6-4D84-BF1C-9262C0A525F4}.Debug|Any CPU.ActiveCfg = Debug|Any CPU
		{C2046593-64F6-4D84-BF1C-9262C0A525F4}.Debug|Any CPU.Build.0 = Debug|Any CPU
		{C2046593-64F6-4D84-BF1C-9262C0A525F4}.Release|Any CPU.ActiveCfg = Release|Any CPU
		{C2046593-64F6-4D84-BF1C-9262C0A525F4}.Release|Any CPU.Build.0 = Release|Any CPU
	EndGlobalSection
	GlobalSection(SolutionProperties) = preSolution
		HideSolutionNode = FALSE
	EndGlobalSection
	GlobalSection(ExtensibilityGlobals) = postSolution
		SolutionGuid = {969E6B72-5B56-4C98-99AA-F2A4BC205D21}
	EndGlobalSection
EndGlobal
